
Microsoft Visual Studio Solution File, Format Version 12.00
Project("{2150E333-8FDC-42A3-9474-1A3956D46DE8}") = "src", "src", "{F4B6F47F-1D95-4863-B751-9EC177DDF117}"
EndProject
Project("{FAE04EC0-301F-11D3-BF4B-00C04F79EFBC}") = "Varyence.Learning.Threads", "src\Varyence.Learning.Threads\Varyence.Learning.Threads.csproj", "{568BE75D-B5EE-4ED0-BEA6-BF17A0E568D5}"
EndProject
Global
	GlobalSection(SolutionConfigurationPlatforms) = preSolution
		Debug|Any CPU = Debug|Any CPU
		Release|Any CPU = Release|Any CPU
	EndGlobalSection
	GlobalSection(NestedProjects) = preSolution
		{568BE75D-B5EE-4ED0-BEA6-BF17A0E568D5} = {F4B6F47F-1D95-4863-B751-9EC177DDF117}
	EndGlobalSection
	GlobalSection(ProjectConfigurationPlatforms) = postSolution
		{568BE75D-B5EE-4ED0-BEA6-BF17A0E568D5}.Debug|Any CPU.ActiveCfg = Debug|Any CPU
		{568BE75D-B5EE-4ED0-BEA6-BF17A0E568D5}.Debug|Any CPU.Build.0 = Debug|Any CPU
		{568BE75D-B5EE-4ED0-BEA6-BF17A0E568D5}.Release|Any CPU.ActiveCfg = Release|Any CPU
		{568BE75D-B5EE-4ED0-BEA6-BF17A0E568D5}.Release|Any CPU.Build.0 = Release|Any CPU
	EndGlobalSection
EndGlobal
